
Microsoft Visual Studio Solution File, Format Version 12.00
# Visual Studio 2012
Project("{FAE04EC0-301F-11D3-BF4B-00C04F79EFBC}") = "Personel_İzin", "Personel_İzin\Personel_İzin.csproj", "{B997D8B4-5037-4E55-9C41-ED0B1670CA11}"
EndProject
Global
	GlobalSection(SolutionConfigurationPlatforms) = preSolution
		CD_ROM|Any CPU = CD_ROM|Any CPU
		Debug|Any CPU = Debug|Any CPU
		DVD-5|Any CPU = DVD-5|Any CPU
		Release|Any CPU = Release|Any CPU
		SingleImage|Any CPU = SingleImage|Any CPU
	EndGlobalSection
	GlobalSection(ProjectConfigurationPlatforms) = postSolution
		{B997D8B4-5037-4E55-9C41-ED0B1670CA11}.CD_ROM|Any CPU.ActiveCfg = Release|Any CPU
		{B997D8B4-5037-4E55-9C41-ED0B1670CA11}.CD_ROM|Any CPU.Build.0 = Release|Any CPU
		{B997D8B4-5037-4E55-9C41-ED0B1670CA11}.Debug|Any CPU.ActiveCfg = Debug|Any CPU
		{B997D8B4-5037-4E55-9C41-ED0B1670CA11}.Debug|Any CPU.Build.0 = Debug|Any CPU
		{B997D8B4-5037-4E55-9C41-ED0B1670CA11}.DVD-5|Any CPU.ActiveCfg = Debug|Any CPU
		{B997D8B4-5037-4E55-9C41-ED0B1670CA11}.DVD-5|Any CPU.Build.0 = Debug|Any CPU
		{B997D8B4-5037-4E55-9C41-ED0B1670CA11}.Release|Any CPU.ActiveCfg = Release|Any CPU
		{B997D8B4-5037-4E55-9C41-ED0B1670CA11}.Release|Any CPU.Build.0 = Release|Any CPU
		{B997D8B4-5037-4E55-9C41-ED0B1670CA11}.SingleImage|Any CPU.ActiveCfg = Release|Any CPU
		{B997D8B4-5037-4E55-9C41-ED0B1670CA11}.SingleImage|Any CPU.Build.0 = Release|Any CPU
	EndGlobalSection
	GlobalSection(SolutionProperties) = preSolution
		HideSolutionNode = FALSE
	EndGlobalSection
	GlobalSection(Performance) = preSolution
		HasPerformanceSessions = true
	EndGlobalSection
EndGlobal
